
Microsoft Visual Studio Solution File, Format Version 12.00
# Visual Studio Version 17
VisualStudioVersion = 17.5.33516.290
MinimumVisualStudioVersion = 10.0.40219.1
Project("{9A19103F-16F7-4668-BE54-9A1E7A4F7556}") = "LinkedList", "LinkedList.csproj", "{731A36AE-F38F-450F-A6B5-C0AB20276468}"
EndProject
Global
	GlobalSection(SolutionConfigurationPlatforms) = preSolution
		Debug|Any CPU = Debug|Any CPU
		Release|Any CPU = Release|Any CPU
	EndGlobalSection
	GlobalSection(ProjectConfigurationPlatforms) = postSolution
		{731A36AE-F38F-450F-A6B5-C0AB20276468}.Debug|Any CPU.ActiveCfg = Debug|Any CPU
		{731A36AE-F38F-450F-A6B5-C0AB20276468}.Debug|Any CPU.Build.0 = Debug|Any CPU
		{731A36AE-F38F-450F-A6B5-C0AB20276468}.Release|Any CPU.ActiveCfg = Release|Any CPU
		{731A36AE-F38F-450F-A6B5-C0AB20276468}.Release|Any CPU.Build.0 = Release|Any CPU
	EndGlobalSection
	GlobalSection(SolutionProperties) = preSolution
		HideSolutionNode = FALSE
	EndGlobalSection
	GlobalSection(ExtensibilityGlobals) = postSolution
		SolutionGuid = {B041FCDE-1F27-4392-B01E-D4C40321D65B}
	EndGlobalSection
EndGlobal
